
Microsoft Visual Studio Solution File, Format Version 12.00
# Visual Studio 14
VisualStudioVersion = 14.0.25420.1
MinimumVisualStudioVersion = 10.0.40219.1
Project("{FAE04EC0-301F-11D3-BF4B-00C04F79EFBC}") = "CrossPlatformApp.Android", "CrossPlatformApp\CrossPlatformApp.Android\CrossPlatformApp.Android.csproj", "{F661A001-F0E2-4B3D-9205-8FF7707B73E7}"
EndProject
Project("{FAE04EC0-301F-11D3-BF4B-00C04F79EFBC}") = "CrossPlatformApp", "CrossPlatformApp\CrossPlatformApp\CrossPlatformApp.csproj", "{6810F3C7-0B8E-472E-9D55-2AE2078727AC}"
EndProject
Project("{FAE04EC0-301F-11D3-BF4B-00C04F79EFBC}") = "CrossPlatformApp.UWP", "CrossPlatformApp\CrossPlatformApp.UWP\CrossPlatformApp.UWP.csproj", "{B3BFB13C-8FF5-4F3D-8925-B46E53F08A57}"
EndProject
Project("{FAE04EC0-301F-11D3-BF4B-00C04F79EFBC}") = "CrossPlatformApp.iOS", "CrossPlatformApp\CrossPlatformApp.iOS\CrossPlatformApp.iOS.csproj", "{612A14FB-CE90-4608-B5DB-2635B09ACC35}"
EndProject
Global
	GlobalSection(SolutionConfigurationPlatforms) = preSolution
		Ad-Hoc|Any CPU = Ad-Hoc|Any CPU
		Ad-Hoc|ARM = Ad-Hoc|ARM
		Ad-Hoc|iPhone = Ad-Hoc|iPhone
		Ad-Hoc|iPhoneSimulator = Ad-Hoc|iPhoneSimulator
		Ad-Hoc|x64 = Ad-Hoc|x64
		Ad-Hoc|x86 = Ad-Hoc|x86
		AppStore|Any CPU = AppStore|Any CPU
		AppStore|ARM = AppStore|ARM
		AppStore|iPhone = AppStore|iPhone
		AppStore|iPhoneSimulator = AppStore|iPhoneSimulator
		AppStore|x64 = AppStore|x64
		AppStore|x86 = AppStore|x86
		Debug|Any CPU = Debug|Any CPU
		Debug|ARM = Debug|ARM
		Debug|iPhone = Debug|iPhone
		Debug|iPhoneSimulator = Debug|iPhoneSimulator
		Debug|x64 = Debug|x64
		Debug|x86 = Debug|x86
		Release|Any CPU = Release|Any CPU
		Release|ARM = Release|ARM
		Release|iPhone = Release|iPhone
		Release|iPhoneSimulator = Release|iPhoneSimulator
		Release|x64 = Release|x64
		Release|x86 = Release|x86
	EndGlobalSection
	GlobalSection(ProjectConfigurationPlatforms) = postSolution
		{F661A001-F0E2-4B3D-9205-8FF7707B73E7}.Ad-Hoc|Any CPU.ActiveCfg = Release|Any CPU
		{F661A001-F0E2-4B3D-9205-8FF7707B73E7}.Ad-Hoc|Any CPU.Build.0 = Release|Any CPU
		{F661A001-F0E2-4B3D-9205-8FF7707B73E7}.Ad-Hoc|Any CPU.Deploy.0 = Release|Any CPU
		{F661A001-F0E2-4B3D-9205-8FF7707B73E7}.Ad-Hoc|ARM.ActiveCfg = Release|Any CPU
		{F661A001-F0E2-4B3D-9205-8FF7707B73E7}.Ad-Hoc|ARM.Build.0 = Release|Any CPU
		{F661A001-F0E2-4B3D-9205-8FF7707B73E7}.Ad-Hoc|ARM.Deploy.0 = Release|Any CPU
		{F661A001-F0E2-4B3D-9205-8FF7707B73E7}.Ad-Hoc|iPhone.ActiveCfg = Release|Any CPU
		{F661A001-F0E2-4B3D-9205-8FF7707B73E7}.Ad-Hoc|iPhone.Build.0 = Release|Any CPU
		{F661A001-F0E2-4B3D-9205-8FF7707B73E7}.Ad-Hoc|iPhone.Deploy.0 = Release|Any CPU
		{F661A001-F0E2-4B3D-9205-8FF7707B73E7}.Ad-Hoc|iPhoneSimulator.ActiveCfg = Release|Any CPU
		{F661A001-F0E2-4B3D-9205-8FF7707B73E7}.Ad-Hoc|iPhoneSimulator.Build.0 = Release|Any CPU
		{F661A001-F0E2-4B3D-9205-8FF7707B73E7}.Ad-Hoc|iPhoneSimulator.Deploy.0 = Release|Any CPU
		{F661A001-F0E2-4B3D-9205-8FF7707B73E7}.Ad-Hoc|x64.ActiveCfg = Release|Any CPU
		{F661A001-F0E2-4B3D-9205-8FF7707B73E7}.Ad-Hoc|x64.Build.0 = Release|Any CPU
		{F661A001-F0E2-4B3D-9205-8FF7707B73E7}.Ad-Hoc|x64.Deploy.0 = Release|Any CPU
		{F661A001-F0E2-4B3D-9205-8FF7707B73E7}.Ad-Hoc|x86.ActiveCfg = Release|Any CPU
		{F661A001-F0E2-4B3D-9205-8FF7707B73E7}.Ad-Hoc|x86.Build.0 = Release|Any CPU
		{F661A001-F0E2-4B3D-9205-8FF7707B73E7}.Ad-Hoc|x86.Deploy.0 = Release|Any CPU
		{F661A001-F0E2-4B3D-9205-8FF7707B73E7}.AppStore|Any CPU.ActiveCfg = Release|Any CPU
		{F661A001-F0E2-4B3D-9205-8FF7707B73E7}.AppStore|Any CPU.Build.0 = Release|Any CPU
		{F661A001-F0E2-4B3D-9205-8FF7707B73E7}.AppStore|Any CPU.Deploy.0 = Release|Any CPU
		{F661A001-F0E2-4B3D-9205-8FF7707B73E7}.AppStore|ARM.ActiveCfg = Release|Any CPU
		{F661A001-F0E2-4B3D-9205-8FF7707B73E7}.AppStore|ARM.Build.0 = Release|Any CPU
		{F661A001-F0E2-4B3D-9205-8FF7707B73E7}.AppStore|ARM.Deploy.0 = Release|Any CPU
		{F661A001-F0E2-4B3D-9205-8FF7707B73E7}.AppStore|iPhone.ActiveCfg = Release|Any CPU
		{F661A001-F0E2-4B3D-9205-8FF7707B73E7}.AppStore|iPhone.Build.0 = Release|Any CPU
		{F661A001-F0E2-4B3D-9205-8FF7707B73E7}.AppStore|iPhone.Deploy.0 = Release|Any CPU
		{F661A001-F0E2-4B3D-9205-8FF7707B73E7}.AppStore|iPhoneSimulator.ActiveCfg = Release|Any CPU
		{F661A001-F0E2-4B3D-9205-8FF7707B73E7}.AppStore|iPhoneSimulator.Build.0 = Release|Any CPU
		{F661A001-F0E2-4B3D-9205-8FF7707B73E7}.AppStore|iPhoneSimulator.Deploy.0 = Release|Any CPU
		{F661A001-F0E2-4B3D-9205-8FF7707B73E7}.AppStore|x64.ActiveCfg = Release|Any CPU
		{F661A001-F0E2-4B3D-9205-8FF7707B73E7}.AppStore|x64.Build.0 = Release|Any CPU
		{F661A001-F0E2-4B3D-9205-8FF7707B73E7}.AppStore|x64.Deploy.0 = Release|Any CPU
		{F661A001-F0E2-4B3D-9205-8FF7707B73E7}.AppStore|x86.ActiveCfg = Release|Any CPU
		{F661A001-F0E2-4B3D-9205-8FF7707B73E7}.AppStore|x86.Build.0 = Release|Any CPU
		{F661A001-F0E2-4B3D-9205-8FF7707B73E7}.AppStore|x86.Deploy.0 = Release|Any CPU
		{F661A001-F0E2-4B3D-9205-8FF7707B73E7}.Debug|Any CPU.ActiveCfg = Debug|Any CPU
		{F661A001-F0E2-4B3D-9205-8FF7707B73E7}.Debug|Any CPU.Build.0 = Debug|Any CPU
		{F661A001-F0E2-4B3D-9205-8FF7707B73E7}.Debug|Any CPU.Deploy.0 = Debug|Any CPU
		{F661A001-F0E2-4B3D-9205-8FF7707B73E7}.Debug|ARM.ActiveCfg = Debug|Any CPU
		{F661A001-F0E2-4B3D-9205-8FF7707B73E7}.Debug|ARM.Build.0 = Debug|Any CPU
		{F661A001-F0E2-4B3D-9205-8FF7707B73E7}.Debug|ARM.Deploy.0 = Debug|Any CPU
		{F661A001-F0E2-4B3D-9205-8FF7707B73E7}.Debug|iPhone.ActiveCfg = Debug|Any CPU
		{F661A001-F0E2-4B3D-9205-8FF7707B73E7}.Debug|iPhone.Build.0 = Debug|Any CPU
		{F661A001-F0E2-4B3D-9205-8FF7707B73E7}.Debug|iPhone.Deploy.0 = Debug|Any CPU
		{F661A001-F0E2-4B3D-9205-8FF7707B73E7}.Debug|iPhoneSimulator.ActiveCfg = Debug|Any CPU
		{F661A001-F0E2-4B3D-9205-8FF7707B73E7}.Debug|iPhoneSimulator.Build.0 = Debug|Any CPU
		{F661A001-F0E2-4B3D-9205-8FF7707B73E7}.Debug|iPhoneSimulator.Deploy.0 = Debug|Any CPU
		{F661A001-F0E2-4B3D-9205-8FF7707B73E7}.Debug|x64.ActiveCfg = Debug|Any CPU
		{F661A001-F0E2-4B3D-9205-8FF7707B73E7}.Debug|x64.Build.0 = Debug|Any CPU
		{F661A001-F0E2-4B3D-9205-8FF7707B73E7}.Debug|x64.Deploy.0 = Debug|Any CPU
		{F661A001-F0E2-4B3D-9205-8FF7707B73E7}.Debug|x86.ActiveCfg = Debug|Any CPU
		{F661A001-F0E2-4B3D-9205-8FF7707B73E7}.Debug|x86.Build.0 = Debug|Any CPU
		{F661A001-F0E2-4B3D-9205-8FF7707B73E7}.Debug|x86.Deploy.0 = Debug|Any CPU
		{F661A001-F0E2-4B3D-9205-8FF7707B73E7}.Release|Any CPU.ActiveCfg = Release|Any CPU
		{F661A001-F0E2-4B3D-9205-8FF7707B73E7}.Release|Any CPU.Build.0 = Release|Any CPU
		{F661A001-F0E2-4B3D-9205-8FF7707B73E7}.Release|Any CPU.Deploy.0 = Release|Any CPU
		{F661A001-F0E2-4B3D-9205-8FF7707B73E7}.Release|ARM.ActiveCfg = Release|Any CPU
		{F661A001-F0E2-4B3D-9205-8FF7707B73E7}.Release|ARM.Build.0 = Release|Any CPU
		{F661A001-F0E2-4B3D-9205-8FF7707B73E7}.Release|ARM.Deploy.0 = Release|Any CPU
		{F661A001-F0E2-4B3D-9205-8FF7707B73E7}.Release|iPhone.ActiveCfg = Release|Any CPU
		{F661A001-F0E2-4B3D-9205-8FF7707B73E7}.Release|iPhone.Build.0 = Release|Any CPU
		{F661A001-F0E2-4B3D-9205-8FF7707B73E7}.Release|iPhone.Deploy.0 = Release|Any CPU
		{F661A001-F0E2-4B3D-9205-8FF7707B73E7}.Release|iPhoneSimulator.ActiveCfg = Release|Any CPU
		{F661A001-F0E2-4B3D-9205-8FF7707B73E7}.Release|iPhoneSimulator.Build.0 = Release|Any CPU
		{F661A001-F0E2-4B3D-9205-8FF7707B73E7}.Release|iPhoneSimulator.Deploy.0 = Release|Any CPU
		{F661A001-F0E2-4B3D-9205-8FF7707B73E7}.Release|x64.ActiveCfg = Release|Any CPU
		{F661A001-F0E2-4B3D-9205-8FF7707B73E7}.Release|x64.Build.0 = Release|Any CPU
		{F661A001-F0E2-4B3D-9205-8FF7707B73E7}.Release|x64.Deploy.0 = Release|Any CPU
		{F661A001-F0E2-4B3D-9205-8FF7707B73E7}.Release|x86.ActiveCfg = Release|Any CPU
		{F661A001-F0E2-4B3D-9205-8FF7707B73E7}.Release|x86.Build.0 = Release|Any CPU
		{F661A001-F0E2-4B3D-9205-8FF7707B73E7}.Release|x86.Deploy.0 = Release|Any CPU
		{6810F3C7-0B8E-472E-9D55-2AE2078727AC}.Ad-Hoc|Any CPU.ActiveCfg = Release|Any CPU
		{6810F3C7-0B8E-472E-9D55-2AE2078727AC}.Ad-Hoc|Any CPU.Build.0 = Release|Any CPU
		{6810F3C7-0B8E-472E-9D55-2AE2078727AC}.Ad-Hoc|ARM.ActiveCfg = Release|Any CPU
		{6810F3C7-0B8E-472E-9D55-2AE2078727AC}.Ad-Hoc|ARM.Build.0 = Release|Any CPU
		{6810F3C7-0B8E-472E-9D55-2AE2078727AC}.Ad-Hoc|iPhone.ActiveCfg = Release|Any CPU
		{6810F3C7-0B8E-472E-9D55-2AE2078727AC}.Ad-Hoc|iPhone.Build.0 = Release|Any CPU
		{6810F3C7-0B8E-472E-9D55-2AE2078727AC}.Ad-Hoc|iPhoneSimulator.ActiveCfg = Release|Any CPU
		{6810F3C7-0B8E-472E-9D55-2AE2078727AC}.Ad-Hoc|iPhoneSimulator.Build.0 = Release|Any CPU
		{6810F3C7-0B8E-472E-9D55-2AE2078727AC}.Ad-Hoc|x64.ActiveCfg = Release|Any CPU
		{6810F3C7-0B8E-472E-9D55-2AE2078727AC}.Ad-Hoc|x64.Build.0 = Release|Any CPU
		{6810F3C7-0B8E-472E-9D55-2AE2078727AC}.Ad-Hoc|x86.ActiveCfg = Release|Any CPU
		{6810F3C7-0B8E-472E-9D55-2AE2078727AC}.Ad-Hoc|x86.Build.0 = Release|Any CPU
		{6810F3C7-0B8E-472E-9D55-2AE2078727AC}.AppStore|Any CPU.ActiveCfg = Release|Any CPU
		{6810F3C7-0B8E-472E-9D55-2AE2078727AC}.AppStore|Any CPU.Build.0 = Release|Any CPU
		{6810F3C7-0B8E-472E-9D55-2AE2078727AC}.AppStore|ARM.ActiveCfg = Release|Any CPU
		{6810F3C7-0B8E-472E-9D55-2AE2078727AC}.AppStore|ARM.Build.0 = Release|Any CPU
		{6810F3C7-0B8E-472E-9D55-2AE2078727AC}.AppStore|iPhone.ActiveCfg = Release|Any CPU
		{6810F3C7-0B8E-472E-9D55-2AE2078727AC}.AppStore|iPhone.Build.0 = Release|Any CPU
		{6810F3C7-0B8E-472E-9D55-2AE2078727AC}.AppStore|iPhoneSimulator.ActiveCfg = Release|Any CPU
		{6810F3C7-0B8E-472E-9D55-2AE2078727AC}.AppStore|iPhoneSimulator.Build.0 = Release|Any CPU
		{6810F3C7-0B8E-472E-9D55-2AE2078727AC}.AppStore|x64.ActiveCfg = Release|Any CPU
		{6810F3C7-0B8E-472E-9D55-2AE2078727AC}.AppStore|x64.Build.0 = Release|Any CPU
		{6810F3C7-0B8E-472E-9D55-2AE2078727AC}.AppStore|x86.ActiveCfg = Release|Any CPU
		{6810F3C7-0B8E-472E-9D55-2AE2078727AC}.AppStore|x86.Build.0 = Release|Any CPU
		{6810F3C7-0B8E-472E-9D55-2AE2078727AC}.Debug|Any CPU.ActiveCfg = Debug|Any CPU
		{6810F3C7-0B8E-472E-9D55-2AE2078727AC}.Debug|Any CPU.Build.0 = Debug|Any CPU
		{6810F3C7-0B8E-472E-9D55-2AE2078727AC}.Debug|ARM.ActiveCfg = Debug|Any CPU
		{6810F3C7-0B8E-472E-9D55-2AE2078727AC}.Debug|ARM.Build.0 = Debug|Any CPU
		{6810F3C7-0B8E-472E-9D55-2AE2078727AC}.Debug|iPhone.ActiveCfg = Debug|Any CPU
		{6810F3C7-0B8E-472E-9D55-2AE2078727AC}.Debug|iPhone.Build.0 = Debug|Any CPU
		{6810F3C7-0B8E-472E-9D55-2AE2078727AC}.Debug|iPhoneSimulator.ActiveCfg = Debug|Any CPU
		{6810F3C7-0B8E-472E-9D55-2AE2078727AC}.Debug|iPhoneSimulator.Build.0 = Debug|Any CPU
		{6810F3C7-0B8E-472E-9D55-2AE2078727AC}.Debug|x64.ActiveCfg = Debug|Any CPU
		{6810F3C7-0B8E-472E-9D55-2AE2078727AC}.Debug|x64.Build.0 = Debug|Any CPU
		{6810F3C7-0B8E-472E-9D55-2AE2078727AC}.Debug|x86.ActiveCfg = Debug|Any CPU
		{6810F3C7-0B8E-472E-9D55-2AE2078727AC}.Debug|x86.Build.0 = Debug|Any CPU
		{6810F3C7-0B8E-472E-9D55-2AE2078727AC}.Release|Any CPU.ActiveCfg = Release|Any CPU
		{6810F3C7-0B8E-472E-9D55-2AE2078727AC}.Release|Any CPU.Build.0 = Release|Any CPU
		{6810F3C7-0B8E-472E-9D55-2AE2078727AC}.Release|ARM.ActiveCfg = Release|Any CPU
		{6810F3C7-0B8E-472E-9D55-2AE2078727AC}.Release|ARM.Build.0 = Release|Any CPU
		{6810F3C7-0B8E-472E-9D55-2AE2078727AC}.Release|iPhone.ActiveCfg = Release|Any CPU
		{6810F3C7-0B8E-472E-9D55-2AE2078727AC}.Release|iPhone.Build.0 = Release|Any CPU
		{6810F3C7-0B8E-472E-9D55-2AE2078727AC}.Release|iPhoneSimulator.ActiveCfg = Release|Any CPU
		{6810F3C7-0B8E-472E-9D55-2AE2078727AC}.Release|iPhoneSimulator.Build.0 = Release|Any CPU
		{6810F3C7-0B8E-472E-9D55-2AE2078727AC}.Release|x64.ActiveCfg = Release|Any CPU
		{6810F3C7-0B8E-472E-9D55-2AE2078727AC}.Release|x64.Build.0 = Release|Any CPU
		{6810F3C7-0B8E-472E-9D55-2AE2078727AC}.Release|x86.ActiveCfg = Release|Any CPU
		{6810F3C7-0B8E-472E-9D55-2AE2078727AC}.Release|x86.Build.0 = Release|Any CPU
		{B3BFB13C-8FF5-4F3D-8925-B46E53F08A57}.Ad-Hoc|Any CPU.ActiveCfg = Release|x86
		{B3BFB13C-8FF5-4F3D-8925-B46E53F08A57}.Ad-Hoc|Any CPU.Build.0 = Release|x86
		{B3BFB13C-8FF5-4F3D-8925-B46E53F08A57}.Ad-Hoc|Any CPU.Deploy.0 = Release|x86
		{B3BFB13C-8FF5-4F3D-8925-B46E53F08A57}.Ad-Hoc|ARM.ActiveCfg = Release|ARM
		{B3BFB13C-8FF5-4F3D-8925-B46E53F08A57}.Ad-Hoc|ARM.Build.0 = Release|ARM
		{B3BFB13C-8FF5-4F3D-8925-B46E53F08A57}.Ad-Hoc|ARM.Deploy.0 = Release|ARM
		{B3BFB13C-8FF5-4F3D-8925-B46E53F08A57}.Ad-Hoc|iPhone.ActiveCfg = Release|x86
		{B3BFB13C-8FF5-4F3D-8925-B46E53F08A57}.Ad-Hoc|iPhone.Build.0 = Release|x86
		{B3BFB13C-8FF5-4F3D-8925-B46E53F08A57}.Ad-Hoc|iPhone.Deploy.0 = Release|x86
		{B3BFB13C-8FF5-4F3D-8925-B46E53F08A57}.Ad-Hoc|iPhoneSimulator.ActiveCfg = Release|x86
		{B3BFB13C-8FF5-4F3D-8925-B46E53F08A57}.Ad-Hoc|iPhoneSimulator.Build.0 = Release|x86
		{B3BFB13C-8FF5-4F3D-8925-B46E53F08A57}.Ad-Hoc|iPhoneSimulator.Deploy.0 = Release|x86
		{B3BFB13C-8FF5-4F3D-8925-B46E53F08A57}.Ad-Hoc|x64.ActiveCfg = Release|x64
		{B3BFB13C-8FF5-4F3D-8925-B46E53F08A57}.Ad-Hoc|x64.Build.0 = Release|x64
		{B3BFB13C-8FF5-4F3D-8925-B46E53F08A57}.Ad-Hoc|x64.Deploy.0 = Release|x64
		{B3BFB13C-8FF5-4F3D-8925-B46E53F08A57}.Ad-Hoc|x86.ActiveCfg = Release|x86
		{B3BFB13C-8FF5-4F3D-8925-B46E53F08A57}.Ad-Hoc|x86.Build.0 = Release|x86
		{B3BFB13C-8FF5-4F3D-8925-B46E53F08A57}.Ad-Hoc|x86.Deploy.0 = Release|x86
		{B3BFB13C-8FF5-4F3D-8925-B46E53F08A57}.AppStore|Any CPU.ActiveCfg = Release|x86
		{B3BFB13C-8FF5-4F3D-8925-B46E53F08A57}.AppStore|Any CPU.Build.0 = Release|x86
		{B3BFB13C-8FF5-4F3D-8925-B46E53F08A57}.AppStore|Any CPU.Deploy.0 = Release|x86
		{B3BFB13C-8FF5-4F3D-8925-B46E53F08A57}.AppStore|ARM.ActiveCfg = Release|ARM
		{B3BFB13C-8FF5-4F3D-8925-B46E53F08A57}.AppStore|ARM.Build.0 = Release|ARM
		{B3BFB13C-8FF5-4F3D-8925-B46E53F08A57}.AppStore|ARM.Deploy.0 = Release|ARM
		{B3BFB13C-8FF5-4F3D-8925-B46E53F08A57}.AppStore|iPhone.ActiveCfg = Release|x86
		{B3BFB13C-8FF5-4F3D-8925-B46E53F08A57}.AppStore|iPhone.Build.0 = Release|x86
		{B3BFB13C-8FF5-4F3D-8925-B46E53F08A57}.AppStore|iPhone.Deploy.0 = Release|x86
		{B3BFB13C-8FF5-4F3D-8925-B46E53F08A57}.AppStore|iPhoneSimulator.ActiveCfg = Release|x86
		{B3BFB13C-8FF5-4F3D-8925-B46E53F08A57}.AppStore|iPhoneSimulator.Build.0 = Release|x86
		{B3BFB13C-8FF5-4F3D-8925-B46E53F08A57}.AppStore|iPhoneSimulator.Deploy.0 = Release|x86
		{B3BFB13C-8FF5-4F3D-8925-B46E53F08A57}.AppStore|x64.ActiveCfg = Release|x64
		{B3BFB13C-8FF5-4F3D-8925-B46E53F08A57}.AppStore|x64.Build.0 = Release|x64
		{B3BFB13C-8FF5-4F3D-8925-B46E53F08A57}.AppStore|x64.Deploy.0 = Release|x64
		{B3BFB13C-8FF5-4F3D-8925-B46E53F08A57}.AppStore|x86.ActiveCfg = Release|x86
		{B3BFB13C-8FF5-4F3D-8925-B46E53F08A57}.AppStore|x86.Build.0 = Release|x86
		{B3BFB13C-8FF5-4F3D-8925-B46E53F08A57}.AppStore|x86.Deploy.0 = Release|x86
		{B3BFB13C-8FF5-4F3D-8925-B46E53F08A57}.Debug|Any CPU.ActiveCfg = Debug|x86
		{B3BFB13C-8FF5-4F3D-8925-B46E53F08A57}.Debug|Any CPU.Build.0 = Debug|x86
		{B3BFB13C-8FF5-4F3D-8925-B46E53F08A57}.Debug|Any CPU.Deploy.0 = Debug|x86
		{B3BFB13C-8FF5-4F3D-8925-B46E53F08A57}.Debug|ARM.ActiveCfg = Debug|ARM
		{B3BFB13C-8FF5-4F3D-8925-B46E53F08A57}.Debug|ARM.Build.0 = Debug|ARM
		{B3BFB13C-8FF5-4F3D-8925-B46E53F08A57}.Debug|ARM.Deploy.0 = Debug|ARM
		{B3BFB13C-8FF5-4F3D-8925-B46E53F08A57}.Debug|iPhone.ActiveCfg = Debug|x86
		{B3BFB13C-8FF5-4F3D-8925-B46E53F08A57}.Debug|iPhoneSimulator.ActiveCfg = Debug|x86
		{B3BFB13C-8FF5-4F3D-8925-B46E53F08A57}.Debug|x64.ActiveCfg = Debug|x64
		{B3BFB13C-8FF5-4F3D-8925-B46E53F08A57}.Debug|x64.Build.0 = Debug|x64
		{B3BFB13C-8FF5-4F3D-8925-B46E53F08A57}.Debug|x64.Deploy.0 = Debug|x64
		{B3BFB13C-8FF5-4F3D-8925-B46E53F08A57}.Debug|x86.ActiveCfg = Debug|x86
		{B3BFB13C-8FF5-4F3D-8925-B46E53F08A57}.Debug|x86.Build.0 = Debug|x86
		{B3BFB13C-8FF5-4F3D-8925-B46E53F08A57}.Debug|x86.Deploy.0 = Debug|x86
		{B3BFB13C-8FF5-4F3D-8925-B46E53F08A57}.Release|Any CPU.ActiveCfg = Release|x86
		{B3BFB13C-8FF5-4F3D-8925-B46E53F08A57}.Release|ARM.ActiveCfg = Release|ARM
		{B3BFB13C-8FF5-4F3D-8925-B46E53F08A57}.Release|ARM.Build.0 = Release|ARM
		{B3BFB13C-8FF5-4F3D-8925-B46E53F08A57}.Release|ARM.Deploy.0 = Release|ARM
		{B3BFB13C-8FF5-4F3D-8925-B46E53F08A57}.Release|iPhone.ActiveCfg = Release|x86
		{B3BFB13C-8FF5-4F3D-8925-B46E53F08A57}.Release|iPhoneSimulator.ActiveCfg = Release|x86
		{B3BFB13C-8FF5-4F3D-8925-B46E53F08A57}.Release|x64.ActiveCfg = Release|x64
		{B3BFB13C-8FF5-4F3D-8925-B46E53F08A57}.Release|x64.Build.0 = Release|x64
		{B3BFB13C-8FF5-4F3D-8925-B46E53F08A57}.Release|x64.Deploy.0 = Release|x64
		{B3BFB13C-8FF5-4F3D-8925-B46E53F08A57}.Release|x86.ActiveCfg = Release|x86
		{B3BFB13C-8FF5-4F3D-8925-B46E53F08A57}.Release|x86.Build.0 = Release|x86
		{B3BFB13C-8FF5-4F3D-8925-B46E53F08A57}.Release|x86.Deploy.0 = Release|x86
		{612A14FB-CE90-4608-B5DB-2635B09ACC35}.Ad-Hoc|Any CPU.ActiveCfg = Ad-Hoc|iPhone
		{612A14FB-CE90-4608-B5DB-2635B09ACC35}.Ad-Hoc|ARM.ActiveCfg = Ad-Hoc|iPhone
		{612A14FB-CE90-4608-B5DB-2635B09ACC35}.Ad-Hoc|iPhone.ActiveCfg = Ad-Hoc|iPhone
		{612A14FB-CE90-4608-B5DB-2635B09ACC35}.Ad-Hoc|iPhone.Build.0 = Ad-Hoc|iPhone
		{612A14FB-CE90-4608-B5DB-2635B09ACC35}.Ad-Hoc|iPhoneSimulator.ActiveCfg = Ad-Hoc|iPhoneSimulator
		{612A14FB-CE90-4608-B5DB-2635B09ACC35}.Ad-Hoc|iPhoneSimulator.Build.0 = Ad-Hoc|iPhoneSimulator
		{612A14FB-CE90-4608-B5DB-2635B09ACC35}.Ad-Hoc|x64.ActiveCfg = Ad-Hoc|iPhone
		{612A14FB-CE90-4608-B5DB-2635B09ACC35}.Ad-Hoc|x86.ActiveCfg = Ad-Hoc|iPhone
		{612A14FB-CE90-4608-B5DB-2635B09ACC35}.AppStore|Any CPU.ActiveCfg = AppStore|iPhone
		{612A14FB-CE90-4608-B5DB-2635B09ACC35}.AppStore|ARM.ActiveCfg = AppStore|iPhone
		{612A14FB-CE90-4608-B5DB-2635B09ACC35}.AppStore|iPhone.ActiveCfg = AppStore|iPhone
		{612A14FB-CE90-4608-B5DB-2635B09ACC35}.AppStore|iPhone.Build.0 = AppStore|iPhone
		{612A14FB-CE90-4608-B5DB-2635B09ACC35}.AppStore|iPhoneSimulator.ActiveCfg = AppStore|iPhoneSimulator
		{612A14FB-CE90-4608-B5DB-2635B09ACC35}.AppStore|iPhoneSimulator.Build.0 = AppStore|iPhoneSimulator
		{612A14FB-CE90-4608-B5DB-2635B09ACC35}.AppStore|x64.ActiveCfg = AppStore|iPhone
		{612A14FB-CE90-4608-B5DB-2635B09ACC35}.AppStore|x86.ActiveCfg = AppStore|iPhone
		{612A14FB-CE90-4608-B5DB-2635B09ACC35}.Debug|Any CPU.ActiveCfg = Debug|iPhone
		{612A14FB-CE90-4608-B5DB-2635B09ACC35}.Debug|Any CPU.Build.0 = Debug|iPhone
		{612A14FB-CE90-4608-B5DB-2635B09ACC35}.Debug|ARM.ActiveCfg = Debug|iPhone
		{612A14FB-CE90-4608-B5DB-2635B09ACC35}.Debug|iPhone.ActiveCfg = Debug|iPhone
		{612A14FB-CE90-4608-B5DB-2635B09ACC35}.Debug|iPhone.Build.0 = Debug|iPhone
		{612A14FB-CE90-4608-B5DB-2635B09ACC35}.Debug|iPhoneSimulator.ActiveCfg = Debug|iPhoneSimulator
		{612A14FB-CE90-4608-B5DB-2635B09ACC35}.Debug|iPhoneSimulator.Build.0 = Debug|iPhoneSimulator
		{612A14FB-CE90-4608-B5DB-2635B09ACC35}.Debug|x64.ActiveCfg = Debug|iPhone
		{612A14FB-CE90-4608-B5DB-2635B09ACC35}.Debug|x86.ActiveCfg = Debug|iPhone
		{612A14FB-CE90-4608-B5DB-2635B09ACC35}.Release|Any CPU.ActiveCfg = Release|iPhone
		{612A14FB-CE90-4608-B5DB-2635B09ACC35}.Release|ARM.ActiveCfg = Release|iPhone
		{612A14FB-CE90-4608-B5DB-2635B09ACC35}.Release|iPhone.ActiveCfg = Release|iPhone
		{612A14FB-CE90-4608-B5DB-2635B09ACC35}.Release|iPhone.Build.0 = Release|iPhone
		{612A14FB-CE90-4608-B5DB-2635B09ACC35}.Release|iPhoneSimulator.ActiveCfg = Release|iPhoneSimulator
		{612A14FB-CE90-4608-B5DB-2635B09ACC35}.Release|iPhoneSimulator.Build.0 = Release|iPhoneSimulator
		{612A14FB-CE90-4608-B5DB-2635B09ACC35}.Release|x64.ActiveCfg = Release|iPhone
		{612A14FB-CE90-4608-B5DB-2635B09ACC35}.Release|x86.ActiveCfg = Release|iPhone
	EndGlobalSection
	GlobalSection(SolutionProperties) = preSolution
		HideSolutionNode = FALSE
	EndGlobalSection
EndGlobal
